
Microsoft Visual Studio Solution File, Format Version 12.00
# Visual Studio Version 17
VisualStudioVersion = 17.5.33530.505
MinimumVisualStudioVersion = 10.0.40219.1
Project("{9A19103F-16F7-4668-BE54-9A1E7A4F7556}") = "ParseWbAndOzon", "ParseWbAndOzon\ParseWbAndOzon.csproj", "{6D87175D-BD59-44D0-B2DA-B9E9F813799B}"
EndProject
Project("{9A19103F-16F7-4668-BE54-9A1E7A4F7556}") = "ParseUI", "ParseUI\ParseUI.csproj", "{9CFBDF3B-F77C-40D3-94C7-0DA188FE3B02}"
EndProject
Project("{54435603-DBB4-11D2-8724-00A0C9A8B90C}") = "Parser", "Parser\Parser.vdproj", "{864C854A-00C2-4778-BA07-37ACC8B50C7F}"
EndProject
Global
	GlobalSection(SolutionConfigurationPlatforms) = preSolution
		Debug|Any CPU = Debug|Any CPU
		Release|Any CPU = Release|Any CPU
	EndGlobalSection
	GlobalSection(ProjectConfigurationPlatforms) = postSolution
		{6D87175D-BD59-44D0-B2DA-B9E9F813799B}.Debug|Any CPU.ActiveCfg = Debug|Any CPU
		{6D87175D-BD59-44D0-B2DA-B9E9F813799B}.Debug|Any CPU.Build.0 = Debug|Any CPU
		{6D87175D-BD59-44D0-B2DA-B9E9F813799B}.Release|Any CPU.ActiveCfg = Release|Any CPU
		{6D87175D-BD59-44D0-B2DA-B9E9F813799B}.Release|Any CPU.Build.0 = Release|Any CPU
		{9CFBDF3B-F77C-40D3-94C7-0DA188FE3B02}.Debug|Any CPU.ActiveCfg = Debug|Any CPU
		{9CFBDF3B-F77C-40D3-94C7-0DA188FE3B02}.Debug|Any CPU.Build.0 = Debug|Any CPU
		{9CFBDF3B-F77C-40D3-94C7-0DA188FE3B02}.Release|Any CPU.ActiveCfg = Release|Any CPU
		{9CFBDF3B-F77C-40D3-94C7-0DA188FE3B02}.Release|Any CPU.Build.0 = Release|Any CPU
		{864C854A-00C2-4778-BA07-37ACC8B50C7F}.Debug|Any CPU.ActiveCfg = Debug
		{864C854A-00C2-4778-BA07-37ACC8B50C7F}.Release|Any CPU.ActiveCfg = Release
	EndGlobalSection
	GlobalSection(SolutionProperties) = preSolution
		HideSolutionNode = FALSE
	EndGlobalSection
	GlobalSection(ExtensibilityGlobals) = postSolution
		SolutionGuid = {45DDA1C4-8A35-47C3-87F1-6CD1E6689825}
	EndGlobalSection
EndGlobal
